// !$*UTF8*$!
{
	archiveVersion = 1;
	classes = {
	};
	objectVersion = 51;
	objects = {

/* Begin PBXBuildFile section */
		27FFA65F7279A6EFF0713CCE /* Pods_CRM_Manager_CRM_ManagerUITests.framework in Frameworks */ = {isa = PBXBuildFile; fileRef = 82293BC66C4E01E95B38FD3B /* Pods_CRM_Manager_CRM_ManagerUITests.framework */; };
		82A7D232A1894D11049F4A62 /* Pods_CRM_Manager.framework in Frameworks */ = {isa = PBXBuildFile; fileRef = A3313BEAF476E66BBA7ACE8C /* Pods_CRM_Manager.framework */; };
		AE88E1D38E90FF0A444746FF /* Pods_CRM_ManagerTests.framework in Frameworks */ = {isa = PBXBuildFile; fileRef = 81D4811A215CB9B4337AD6CF /* Pods_CRM_ManagerTests.framework */; };
		F802078924AF3522005BCF2B /* Home_VC.swift in Sources */ = {isa = PBXBuildFile; fileRef = F802078824AF3522005BCF2B /* Home_VC.swift */; };
		F826310B249BB542003CD02E /* Main.storyboard in Resources */ = {isa = PBXBuildFile; fileRef = F82A630A2498E0A800F2A9FA /* Main.storyboard */; };
		F82A63052498E0A800F2A9FA /* AppDelegate.swift in Sources */ = {isa = PBXBuildFile; fileRef = F82A63042498E0A800F2A9FA /* AppDelegate.swift */; };
		F82A63072498E0A800F2A9FA /* SceneDelegate.swift in Sources */ = {isa = PBXBuildFile; fileRef = F82A63062498E0A800F2A9FA /* SceneDelegate.swift */; };
		F82A63092498E0A800F2A9FA /* ViewController.swift in Sources */ = {isa = PBXBuildFile; fileRef = F82A63082498E0A800F2A9FA /* ViewController.swift */; };
		F82A630F2498E0A800F2A9FA /* CRM_Manager.xcdatamodeld in Sources */ = {isa = PBXBuildFile; fileRef = F82A630D2498E0A800F2A9FA /* CRM_Manager.xcdatamodeld */; };
		F82A63112498E0AB00F2A9FA /* Assets.xcassets in Resources */ = {isa = PBXBuildFile; fileRef = F82A63102498E0AB00F2A9FA /* Assets.xcassets */; };
		F82A63142498E0AB00F2A9FA /* LaunchScreen.storyboard in Resources */ = {isa = PBXBuildFile; fileRef = F82A63122498E0AB00F2A9FA /* LaunchScreen.storyboard */; };
		F82A631F2498E0AC00F2A9FA /* CRM_ManagerTests.swift in Sources */ = {isa = PBXBuildFile; fileRef = F82A631E2498E0AC00F2A9FA /* CRM_ManagerTests.swift */; };
		F82A632A2498E0AC00F2A9FA /* CRM_ManagerUITests.swift in Sources */ = {isa = PBXBuildFile; fileRef = F82A63292498E0AC00F2A9FA /* CRM_ManagerUITests.swift */; };
		F89DA1B7249A29F400EE4C54 /* OFL.txt in Resources */ = {isa = PBXBuildFile; fileRef = F89DA190249A29F100EE4C54 /* OFL.txt */; };
/* End PBXBuildFile section */

/* Begin PBXContainerItemProxy section */
		F82A631B2498E0AC00F2A9FA /* PBXContainerItemProxy */ = {
			isa = PBXContainerItemProxy;
			containerPortal = F82A62F92498E0A800F2A9FA /* Project object */;
			proxyType = 1;
			remoteGlobalIDString = F82A63002498E0A800F2A9FA;
			remoteInfo = "CRM Manager";
		};
		F82A63262498E0AC00F2A9FA /* PBXContainerItemProxy */ = {
			isa = PBXContainerItemProxy;
			containerPortal = F82A62F92498E0A800F2A9FA /* Project object */;
			proxyType = 1;
			remoteGlobalIDString = F82A63002498E0A800F2A9FA;
			remoteInfo = "CRM Manager";
		};
/* End PBXContainerItemProxy section */

/* Begin PBXFileReference section */
		198C703567721BF471B4ADA2 /* Pods-CRM Manager-CRM ManagerUITests.release.xcconfig */ = {isa = PBXFileReference; includeInIndex = 1; lastKnownFileType = text.xcconfig; name = "Pods-CRM Manager-CRM ManagerUITests.release.xcconfig"; path = "Target Support Files/Pods-CRM Manager-CRM ManagerUITests/Pods-CRM Manager-CRM ManagerUITests.release.xcconfig"; sourceTree = "<group>"; };
		3756809F20872D5EA042D37D /* Pods-CRM Manager.debug.xcconfig */ = {isa = PBXFileReference; includeInIndex = 1; lastKnownFileType = text.xcconfig; name = "Pods-CRM Manager.debug.xcconfig"; path = "Target Support Files/Pods-CRM Manager/Pods-CRM Manager.debug.xcconfig"; sourceTree = "<group>"; };
		4E84EBEF4516B0C27C235070 /* Pods-CRM ManagerTests.release.xcconfig */ = {isa = PBXFileReference; includeInIndex = 1; lastKnownFileType = text.xcconfig; name = "Pods-CRM ManagerTests.release.xcconfig"; path = "Target Support Files/Pods-CRM ManagerTests/Pods-CRM ManagerTests.release.xcconfig"; sourceTree = "<group>"; };
		5A8309CA2FC4FC80105C2240 /* Pods-CRM Manager.release.xcconfig */ = {isa = PBXFileReference; includeInIndex = 1; lastKnownFileType = text.xcconfig; name = "Pods-CRM Manager.release.xcconfig"; path = "Target Support Files/Pods-CRM Manager/Pods-CRM Manager.release.xcconfig"; sourceTree = "<group>"; };
		7BC9848322D6DF2DE2EB393D /* Pods-CRM Manager-CRM ManagerUITests.debug.xcconfig */ = {isa = PBXFileReference; includeInIndex = 1; lastKnownFileType = text.xcconfig; name = "Pods-CRM Manager-CRM ManagerUITests.debug.xcconfig"; path = "Target Support Files/Pods-CRM Manager-CRM ManagerUITests/Pods-CRM Manager-CRM ManagerUITests.debug.xcconfig"; sourceTree = "<group>"; };
		81D4811A215CB9B4337AD6CF /* Pods_CRM_ManagerTests.framework */ = {isa = PBXFileReference; explicitFileType = wrapper.framework; includeInIndex = 0; path = Pods_CRM_ManagerTests.framework; sourceTree = BUILT_PRODUCTS_DIR; };
		82293BC66C4E01E95B38FD3B /* Pods_CRM_Manager_CRM_ManagerUITests.framework */ = {isa = PBXFileReference; explicitFileType = wrapper.framework; includeInIndex = 0; path = Pods_CRM_Manager_CRM_ManagerUITests.framework; sourceTree = BUILT_PRODUCTS_DIR; };
		A3313BEAF476E66BBA7ACE8C /* Pods_CRM_Manager.framework */ = {isa = PBXFileReference; explicitFileType = wrapper.framework; includeInIndex = 0; path = Pods_CRM_Manager.framework; sourceTree = BUILT_PRODUCTS_DIR; };
		F802078824AF3522005BCF2B /* Home_VC.swift */ = {isa = PBXFileReference; lastKnownFileType = sourcecode.swift; path = Home_VC.swift; sourceTree = "<group>"; };
		F82A63012498E0A800F2A9FA /* CRM Manager.app */ = {isa = PBXFileReference; explicitFileType = wrapper.application; includeInIndex = 0; path = "CRM Manager.app"; sourceTree = BUILT_PRODUCTS_DIR; };
		F82A63042498E0A800F2A9FA /* AppDelegate.swift */ = {isa = PBXFileReference; lastKnownFileType = sourcecode.swift; path = AppDelegate.swift; sourceTree = "<group>"; };
		F82A63062498E0A800F2A9FA /* SceneDelegate.swift */ = {isa = PBXFileReference; lastKnownFileType = sourcecode.swift; path = SceneDelegate.swift; sourceTree = "<group>"; };
		F82A63082498E0A800F2A9FA /* ViewController.swift */ = {isa = PBXFileReference; lastKnownFileType = sourcecode.swift; path = ViewController.swift; sourceTree = "<group>"; };
		F82A630B2498E0A800F2A9FA /* Base */ = {isa = PBXFileReference; lastKnownFileType = file.storyboard; name = Base; path = Base.lproj/Main.storyboard; sourceTree = "<group>"; };
		F82A630E2498E0A800F2A9FA /* CRM_Manager.xcdatamodel */ = {isa = PBXFileReference; lastKnownFileType = wrapper.xcdatamodel; path = CRM_Manager.xcdatamodel; sourceTree = "<group>"; };
		F82A63102498E0AB00F2A9FA /* Assets.xcassets */ = {isa = PBXFileReference; lastKnownFileType = folder.assetcatalog; path = Assets.xcassets; sourceTree = "<group>"; };
		F82A63132498E0AB00F2A9FA /* Base */ = {isa = PBXFileReference; lastKnownFileType = file.storyboard; name = Base; path = Base.lproj/LaunchScreen.storyboard; sourceTree = "<group>"; };
		F82A63152498E0AC00F2A9FA /* Info.plist */ = {isa = PBXFileReference; lastKnownFileType = text.plist.xml; path = Info.plist; sourceTree = "<group>"; };
		F82A631A2498E0AC00F2A9FA /* CRM ManagerTests.xctest */ = {isa = PBXFileReference; explicitFileType = wrapper.cfbundle; includeInIndex = 0; path = "CRM ManagerTests.xctest"; sourceTree = BUILT_PRODUCTS_DIR; };
		F82A631E2498E0AC00F2A9FA /* CRM_ManagerTests.swift */ = {isa = PBXFileReference; lastKnownFileType = sourcecode.swift; path = CRM_ManagerTests.swift; sourceTree = "<group>"; };
		F82A63202498E0AC00F2A9FA /* Info.plist */ = {isa = PBXFileReference; lastKnownFileType = text.plist.xml; path = Info.plist; sourceTree = "<group>"; };
		F82A63252498E0AC00F2A9FA /* CRM ManagerUITests.xctest */ = {isa = PBXFileReference; explicitFileType = wrapper.cfbundle; includeInIndex = 0; path = "CRM ManagerUITests.xctest"; sourceTree = BUILT_PRODUCTS_DIR; };
		F82A63292498E0AC00F2A9FA /* CRM_ManagerUITests.swift */ = {isa = PBXFileReference; lastKnownFileType = sourcecode.swift; path = CRM_ManagerUITests.swift; sourceTree = "<group>"; };
		F82A632B2498E0AC00F2A9FA /* Info.plist */ = {isa = PBXFileReference; lastKnownFileType = text.plist.xml; path = Info.plist; sourceTree = "<group>"; };
		F84ED1035FACA8686AF17B66 /* Pods-CRM ManagerTests.debug.xcconfig */ = {isa = PBXFileReference; includeInIndex = 1; lastKnownFileType = text.xcconfig; name = "Pods-CRM ManagerTests.debug.xcconfig"; path = "Target Support Files/Pods-CRM ManagerTests/Pods-CRM ManagerTests.debug.xcconfig"; sourceTree = "<group>"; };
		F89DA190249A29F100EE4C54 /* OFL.txt */ = {isa = PBXFileReference; fileEncoding = 4; lastKnownFileType = text; path = OFL.txt; sourceTree = "<group>"; };
/* End PBXFileReference section */

/* Begin PBXFrameworksBuildPhase section */
		F82A62FE2498E0A800F2A9FA /* Frameworks */ = {
			isa = PBXFrameworksBuildPhase;
			buildActionMask = 2147483647;
			files = (
				82A7D232A1894D11049F4A62 /* Pods_CRM_Manager.framework in Frameworks */,
			);
			runOnlyForDeploymentPostprocessing = 0;
		};
		F82A63172498E0AC00F2A9FA /* Frameworks */ = {
			isa = PBXFrameworksBuildPhase;
			buildActionMask = 2147483647;
			files = (
				AE88E1D38E90FF0A444746FF /* Pods_CRM_ManagerTests.framework in Frameworks */,
			);
			runOnlyForDeploymentPostprocessing = 0;
		};
		F82A63222498E0AC00F2A9FA /* Frameworks */ = {
			isa = PBXFrameworksBuildPhase;
			buildActionMask = 2147483647;
			files = (
				27FFA65F7279A6EFF0713CCE /* Pods_CRM_Manager_CRM_ManagerUITests.framework in Frameworks */,
			);
			runOnlyForDeploymentPostprocessing = 0;
		};
/* End PBXFrameworksBuildPhase section */

/* Begin PBXGroup section */
		22683DA2412D64521908AA1E /* Pods */ = {
			isa = PBXGroup;
			children = (
				3756809F20872D5EA042D37D /* Pods-CRM Manager.debug.xcconfig */,
				5A8309CA2FC4FC80105C2240 /* Pods-CRM Manager.release.xcconfig */,
				7BC9848322D6DF2DE2EB393D /* Pods-CRM Manager-CRM ManagerUITests.debug.xcconfig */,
				198C703567721BF471B4ADA2 /* Pods-CRM Manager-CRM ManagerUITests.release.xcconfig */,
				F84ED1035FACA8686AF17B66 /* Pods-CRM ManagerTests.debug.xcconfig */,
				4E84EBEF4516B0C27C235070 /* Pods-CRM ManagerTests.release.xcconfig */,
			);
			path = Pods;
			sourceTree = "<group>";
		};
		43D6691DC442BC92E197B8E1 /* Frameworks */ = {
			isa = PBXGroup;
			children = (
				A3313BEAF476E66BBA7ACE8C /* Pods_CRM_Manager.framework */,
				82293BC66C4E01E95B38FD3B /* Pods_CRM_Manager_CRM_ManagerUITests.framework */,
				81D4811A215CB9B4337AD6CF /* Pods_CRM_ManagerTests.framework */,
			);
			name = Frameworks;
			sourceTree = "<group>";
		};
		F82A62F82498E0A800F2A9FA = {
			isa = PBXGroup;
			children = (
				F82A63032498E0A800F2A9FA /* CRM Manager */,
				F82A631D2498E0AC00F2A9FA /* CRM ManagerTests */,
				F82A63282498E0AC00F2A9FA /* CRM ManagerUITests */,
				F82A63022498E0A800F2A9FA /* Products */,
				22683DA2412D64521908AA1E /* Pods */,
				43D6691DC442BC92E197B8E1 /* Frameworks */,
			);
			sourceTree = "<group>";
		};
		F82A63022498E0A800F2A9FA /* Products */ = {
			isa = PBXGroup;
			children = (
				F82A63012498E0A800F2A9FA /* CRM Manager.app */,
				F82A631A2498E0AC00F2A9FA /* CRM ManagerTests.xctest */,
				F82A63252498E0AC00F2A9FA /* CRM ManagerUITests.xctest */,
			);
			name = Products;
			sourceTree = "<group>";
		};
		F82A63032498E0A800F2A9FA /* CRM Manager */ = {
			isa = PBXGroup;
			children = (
				F82A63042498E0A800F2A9FA /* AppDelegate.swift */,
				F82A63062498E0A800F2A9FA /* SceneDelegate.swift */,
				F82A63082498E0A800F2A9FA /* ViewController.swift */,
				F82A630A2498E0A800F2A9FA /* Main.storyboard */,
				F82A63102498E0AB00F2A9FA /* Assets.xcassets */,
				F82A63122498E0AB00F2A9FA /* LaunchScreen.storyboard */,
				F82A63152498E0AC00F2A9FA /* Info.plist */,
				F82A630D2498E0A800F2A9FA /* CRM_Manager.xcdatamodeld */,
				F89DA190249A29F100EE4C54 /* OFL.txt */,
				F802078824AF3522005BCF2B /* Home_VC.swift */,
			);
			path = "CRM Manager";
			sourceTree = "<group>";
		};
		F82A631D2498E0AC00F2A9FA /* CRM ManagerTests */ = {
			isa = PBXGroup;
			children = (
				F82A631E2498E0AC00F2A9FA /* CRM_ManagerTests.swift */,
				F82A63202498E0AC00F2A9FA /* Info.plist */,
			);
			path = "CRM ManagerTests";
			sourceTree = "<group>";
		};
		F82A63282498E0AC00F2A9FA /* CRM ManagerUITests */ = {
			isa = PBXGroup;
			children = (
				F82A63292498E0AC00F2A9FA /* CRM_ManagerUITests.swift */,
				F82A632B2498E0AC00F2A9FA /* Info.plist */,
			);
			path = "CRM ManagerUITests";
			sourceTree = "<group>";
		};
/* End PBXGroup section */

/* Begin PBXNativeTarget section */
		F82A63002498E0A800F2A9FA /* CRM Manager */ = {
			isa = PBXNativeTarget;
			buildConfigurationList = F82A632E2498E0AC00F2A9FA /* Build configuration list for PBXNativeTarget "CRM Manager" */;
			buildPhases = (
				13AAA603EA8421B9D63B5001 /* [CP] Check Pods Manifest.lock */,
				F82A62FD2498E0A800F2A9FA /* Sources */,
				F82A62FE2498E0A800F2A9FA /* Frameworks */,
				F82A62FF2498E0A800F2A9FA /* Resources */,
				5536F655CA3024FF735747BA /* [CP] Embed Pods Frameworks */,
				2F98DA018F35934A1FB75C48 /* [CP] Copy Pods Resources */,
			);
			buildRules = (
			);
			dependencies = (
			);
			name = "CRM Manager";
			productName = "CRM Manager";
			productReference = F82A63012498E0A800F2A9FA /* CRM Manager.app */;
			productType = "com.apple.product-type.application";
		};
		F82A63192498E0AC00F2A9FA /* CRM ManagerTests */ = {
			isa = PBXNativeTarget;
			buildConfigurationList = F82A63312498E0AC00F2A9FA /* Build configuration list for PBXNativeTarget "CRM ManagerTests" */;
			buildPhases = (
				6A19E6D04F0F950F70360587 /* [CP] Check Pods Manifest.lock */,
				F82A63162498E0AC00F2A9FA /* Sources */,
				F82A63172498E0AC00F2A9FA /* Frameworks */,
				F82A63182498E0AC00F2A9FA /* Resources */,
			);
			buildRules = (
			);
			dependencies = (
				F82A631C2498E0AC00F2A9FA /* PBXTargetDependency */,
			);
			name = "CRM ManagerTests";
			productName = "CRM ManagerTests";
			productReference = F82A631A2498E0AC00F2A9FA /* CRM ManagerTests.xctest */;
			productType = "com.apple.product-type.bundle.unit-test";
		};
		F82A63242498E0AC00F2A9FA /* CRM ManagerUITests */ = {
			isa = PBXNativeTarget;
			buildConfigurationList = F82A63342498E0AC00F2A9FA /* Build configuration list for PBXNativeTarget "CRM ManagerUITests" */;
			buildPhases = (
				E907D9ECDC9218C990FED488 /* [CP] Check Pods Manifest.lock */,
				F82A63212498E0AC00F2A9FA /* Sources */,
				F82A63222498E0AC00F2A9FA /* Frameworks */,
				F82A63232498E0AC00F2A9FA /* Resources */,
				49F07B5A518F8BC113B488F8 /* [CP] Embed Pods Frameworks */,
				9DB79EF1932C477CD2494EDA /* [CP] Copy Pods Resources */,
			);
			buildRules = (
			);
			dependencies = (
				F82A63272498E0AC00F2A9FA /* PBXTargetDependency */,
			);
			name = "CRM ManagerUITests";
			productName = "CRM ManagerUITests";
			productReference = F82A63252498E0AC00F2A9FA /* CRM ManagerUITests.xctest */;
			productType = "com.apple.product-type.bundle.ui-testing";
		};
/* End PBXNativeTarget section */

/* Begin PBXProject section */
		F82A62F92498E0A800F2A9FA /* Project object */ = {
			isa = PBXProject;
			attributes = {
				LastSwiftUpdateCheck = 1150;
				LastUpgradeCheck = 1150;
				ORGANIZATIONNAME = "ROHAN BHASIN";
				TargetAttributes = {
					F82A63002498E0A800F2A9FA = {
						CreatedOnToolsVersion = 11.5;
					};
					F82A63192498E0AC00F2A9FA = {
						CreatedOnToolsVersion = 11.5;
						TestTargetID = F82A63002498E0A800F2A9FA;
					};
					F82A63242498E0AC00F2A9FA = {
						CreatedOnToolsVersion = 11.5;
						TestTargetID = F82A63002498E0A800F2A9FA;
					};
				};
			};
			buildConfigurationList = F82A62FC2498E0A800F2A9FA /* Build configuration list for PBXProject "CRM Manager" */;
			compatibilityVersion = "Xcode 9.3";
			developmentRegion = en;
			hasScannedForEncodings = 0;
			knownRegions = (
				en,
				Base,
			);
			mainGroup = F82A62F82498E0A800F2A9FA;
			productRefGroup = F82A63022498E0A800F2A9FA /* Products */;
			projectDirPath = "";
			projectRoot = "";
			targets = (
				F82A63002498E0A800F2A9FA /* CRM Manager */,
				F82A63192498E0AC00F2A9FA /* CRM ManagerTests */,
				F82A63242498E0AC00F2A9FA /* CRM ManagerUITests */,
			);
		};
/* End PBXProject section */

/* Begin PBXResourcesBuildPhase section */
		F82A62FF2498E0A800F2A9FA /* Resources */ = {
			isa = PBXResourcesBuildPhase;
			buildActionMask = 2147483647;
			files = (
				F89DA1B7249A29F400EE4C54 /* OFL.txt in Resources */,
				F82A63142498E0AB00F2A9FA /* LaunchScreen.storyboard in Resources */,
				F82A63112498E0AB00F2A9FA /* Assets.xcassets in Resources */,
				F826310B249BB542003CD02E /* Main.storyboard in Resources */,
			);
			runOnlyForDeploymentPostprocessing = 0;
		};
		F82A63182498E0AC00F2A9FA /* Resources */ = {
			isa = PBXResourcesBuildPhase;
			buildActionMask = 2147483647;
			files = (
			);
			runOnlyForDeploymentPostprocessing = 0;
		};
		F82A63232498E0AC00F2A9FA /* Resources */ = {
			isa = PBXResourcesBuildPhase;
			buildActionMask = 2147483647;
			files = (
			);
			runOnlyForDeploymentPostprocessing = 0;
		};
/* End PBXResourcesBuildPhase section */

/* Begin PBXShellScriptBuildPhase section */
		13AAA603EA8421B9D63B5001 /* [CP] Check Pods Manifest.lock */ = {
			isa = PBXShellScriptBuildPhase;
			buildActionMask = 2147483647;
			files = (
			);
			inputFileListPaths = (
			);
			inputPaths = (
				"${PODS_PODFILE_DIR_PATH}/Podfile.lock",
				"${PODS_ROOT}/Manifest.lock",
			);
			name = "[CP] Check Pods Manifest.lock";
			outputFileListPaths = (
			);
			outputPaths = (
				"$(DERIVED_FILE_DIR)/Pods-CRM Manager-checkManifestLockResult.txt",
			);
			runOnlyForDeploymentPostprocessing = 0;
			shellPath = /bin/sh;
			shellScript = "diff \"${PODS_PODFILE_DIR_PATH}/Podfile.lock\" \"${PODS_ROOT}/Manifest.lock\" > /dev/null\nif [ $? != 0 ] ; then\n    # print error to STDERR\n    echo \"error: The sandbox is not in sync with the Podfile.lock. Run 'pod install' or update your CocoaPods installation.\" >&2\n    exit 1\nfi\n# This output is used by Xcode 'outputs' to avoid re-running this script phase.\necho \"SUCCESS\" > \"${SCRIPT_OUTPUT_FILE_0}\"\n";
			showEnvVarsInLog = 0;
		};
		2F98DA018F35934A1FB75C48 /* [CP] Copy Pods Resources */ = {
			isa = PBXShellScriptBuildPhase;
			buildActionMask = 2147483647;
			files = (
			);
			inputFileListPaths = (
				"${PODS_ROOT}/Target Support Files/Pods-CRM Manager/Pods-CRM Manager-resources-${CONFIGURATION}-input-files.xcfilelist",
			);
			name = "[CP] Copy Pods Resources";
			outputFileListPaths = (
				"${PODS_ROOT}/Target Support Files/Pods-CRM Manager/Pods-CRM Manager-resources-${CONFIGURATION}-output-files.xcfilelist",
			);
			runOnlyForDeploymentPostprocessing = 0;
			shellPath = /bin/sh;
			shellScript = "\"${PODS_ROOT}/Target Support Files/Pods-CRM Manager/Pods-CRM Manager-resources.sh\"\n";
			showEnvVarsInLog = 0;
		};
		49F07B5A518F8BC113B488F8 /* [CP] Embed Pods Frameworks */ = {
			isa = PBXShellScriptBuildPhase;
			buildActionMask = 2147483647;
			files = (
			);
			inputFileListPaths = (
				"${PODS_ROOT}/Target Support Files/Pods-CRM Manager-CRM ManagerUITests/Pods-CRM Manager-CRM ManagerUITests-frameworks-${CONFIGURATION}-input-files.xcfilelist",
			);
			name = "[CP] Embed Pods Frameworks";
			outputFileListPaths = (
				"${PODS_ROOT}/Target Support Files/Pods-CRM Manager-CRM ManagerUITests/Pods-CRM Manager-CRM ManagerUITests-frameworks-${CONFIGURATION}-output-files.xcfilelist",
			);
			runOnlyForDeploymentPostprocessing = 0;
			shellPath = /bin/sh;
			shellScript = "\"${PODS_ROOT}/Target Support Files/Pods-CRM Manager-CRM ManagerUITests/Pods-CRM Manager-CRM ManagerUITests-frameworks.sh\"\n";
			showEnvVarsInLog = 0;
		};
		5536F655CA3024FF735747BA /* [CP] Embed Pods Frameworks */ = {
			isa = PBXShellScriptBuildPhase;
			buildActionMask = 2147483647;
			files = (
			);
			inputFileListPaths = (
				"${PODS_ROOT}/Target Support Files/Pods-CRM Manager/Pods-CRM Manager-frameworks-${CONFIGURATION}-input-files.xcfilelist",
			);
			name = "[CP] Embed Pods Frameworks";
			outputFileListPaths = (
				"${PODS_ROOT}/Target Support Files/Pods-CRM Manager/Pods-CRM Manager-frameworks-${CONFIGURATION}-output-files.xcfilelist",
			);
			runOnlyForDeploymentPostprocessing = 0;
			shellPath = /bin/sh;
			shellScript = "\"${PODS_ROOT}/Target Support Files/Pods-CRM Manager/Pods-CRM Manager-frameworks.sh\"\n";
			showEnvVarsInLog = 0;
		};
		6A19E6D04F0F950F70360587 /* [CP] Check Pods Manifest.lock */ = {
			isa = PBXShellScriptBuildPhase;
			buildActionMask = 2147483647;
			files = (
			);
			inputFileListPaths = (
			);
			inputPaths = (
				"${PODS_PODFILE_DIR_PATH}/Podfile.lock",
				"${PODS_ROOT}/Manifest.lock",
			);
			name = "[CP] Check Pods Manifest.lock";
			outputFileListPaths = (
			);
			outputPaths = (
				"$(DERIVED_FILE_DIR)/Pods-CRM ManagerTests-checkManifestLockResult.txt",
			);
			runOnlyForDeploymentPostprocessing = 0;
			shellPath = /bin/sh;
			shellScript = "diff \"${PODS_PODFILE_DIR_PATH}/Podfile.lock\" \"${PODS_ROOT}/Manifest.lock\" > /dev/null\nif [ $? != 0 ] ; then\n    # print error to STDERR\n    echo \"error: The sandbox is not in sync with the Podfile.lock. Run 'pod install' or update your CocoaPods installation.\" >&2\n    exit 1\nfi\n# This output is used by Xcode 'outputs' to avoid re-running this script phase.\necho \"SUCCESS\" > \"${SCRIPT_OUTPUT_FILE_0}\"\n";
			showEnvVarsInLog = 0;
		};
		9DB79EF1932C477CD2494EDA /* [CP] Copy Pods Resources */ = {
			isa = PBXShellScriptBuildPhase;
			buildActionMask = 2147483647;
			files = (
			);
			inputFileListPaths = (
				"${PODS_ROOT}/Target Support Files/Pods-CRM Manager-CRM ManagerUITests/Pods-CRM Manager-CRM ManagerUITests-resources-${CONFIGURATION}-input-files.xcfilelist",
			);
			name = "[CP] Copy Pods Resources";
			outputFileListPaths = (
				"${PODS_ROOT}/Target Support Files/Pods-CRM Manager-CRM ManagerUITests/Pods-CRM Manager-CRM ManagerUITests-resources-${CONFIGURATION}-output-files.xcfilelist",
			);
			runOnlyForDeploymentPostprocessing = 0;
			shellPath = /bin/sh;
			shellScript = "\"${PODS_ROOT}/Target Support Files/Pods-CRM Manager-CRM ManagerUITests/Pods-CRM Manager-CRM ManagerUITests-resources.sh\"\n";
			showEnvVarsInLog = 0;
		};
		E907D9ECDC9218C990FED488 /* [CP] Check Pods Manifest.lock */ = {
			isa = PBXShellScriptBuildPhase;
			buildActionMask = 2147483647;
			files = (
			);
			inputFileListPaths = (
			);
			inputPaths = (
				"${PODS_PODFILE_DIR_PATH}/Podfile.lock",
				"${PODS_ROOT}/Manifest.lock",
			);
			name = "[CP] Check Pods Manifest.lock";
			outputFileListPaths = (
			);
			outputPaths = (
				"$(DERIVED_FILE_DIR)/Pods-CRM Manager-CRM ManagerUITests-checkManifestLockResult.txt",
			);
			runOnlyForDeploymentPostprocessing = 0;
			shellPath = /bin/sh;
			shellScript = "diff \"${PODS_PODFILE_DIR_PATH}/Podfile.lock\" \"${PODS_ROOT}/Manifest.lock\" > /dev/null\nif [ $? != 0 ] ; then\n    # print error to STDERR\n    echo \"error: The sandbox is not in sync with the Podfile.lock. Run 'pod install' or update your CocoaPods installation.\" >&2\n    exit 1\nfi\n# This output is used by Xcode 'outputs' to avoid re-running this script phase.\necho \"SUCCESS\" > \"${SCRIPT_OUTPUT_FILE_0}\"\n";
			showEnvVarsInLog = 0;
		};
/* End PBXShellScriptBuildPhase section */

/* Begin PBXSourcesBuildPhase section */
		F82A62FD2498E0A800F2A9FA /* Sources */ = {
			isa = PBXSourcesBuildPhase;
			buildActionMask = 2147483647;
			files = (
				F802078924AF3522005BCF2B /* Home_VC.swift in Sources */,
				F82A630F2498E0A800F2A9FA /* CRM_Manager.xcdatamodeld in Sources */,
				F82A63092498E0A800F2A9FA /* ViewController.swift in Sources */,
				F82A63052498E0A800F2A9FA /* AppDelegate.swift in Sources */,
				F82A63072498E0A800F2A9FA /* SceneDelegate.swift in Sources */,
			);
			runOnlyForDeploymentPostprocessing = 0;
		};
		F82A63162498E0AC00F2A9FA /* Sources */ = {
			isa = PBXSourcesBuildPhase;
			buildActionMask = 2147483647;
			files = (
				F82A631F2498E0AC00F2A9FA /* CRM_ManagerTests.swift in Sources */,
			);
			runOnlyForDeploymentPostprocessing = 0;
		};
		F82A63212498E0AC00F2A9FA /* Sources */ = {
			isa = PBXSourcesBuildPhase;
			buildActionMask = 2147483647;
			files = (
				F82A632A2498E0AC00F2A9FA /* CRM_ManagerUITests.swift in Sources */,
			);
			runOnlyForDeploymentPostprocessing = 0;
		};
/* End PBXSourcesBuildPhase section */

/* Begin PBXTargetDependency section */
		F82A631C2498E0AC00F2A9FA /* PBXTargetDependency */ = {
			isa = PBXTargetDependency;
			target = F82A63002498E0A800F2A9FA /* CRM Manager */;
			targetProxy = F82A631B2498E0AC00F2A9FA /* PBXContainerItemProxy */;
		};
		F82A63272498E0AC00F2A9FA /* PBXTargetDependency */ = {
			isa = PBXTargetDependency;
			target = F82A63002498E0A800F2A9FA /* CRM Manager */;
			targetProxy = F82A63262498E0AC00F2A9FA /* PBXContainerItemProxy */;
		};
/* End PBXTargetDependency section */

/* Begin PBXVariantGroup section */
		F82A630A2498E0A800F2A9FA /* Main.storyboard */ = {
			isa = PBXVariantGroup;
			children = (
				F82A630B2498E0A800F2A9FA /* Base */,
			);
			name = Main.storyboard;
			sourceTree = "<group>";
		};
		F82A63122498E0AB00F2A9FA /* LaunchScreen.storyboard */ = {
			isa = PBXVariantGroup;
			children = (
				F82A63132498E0AB00F2A9FA /* Base */,
			);
			name = LaunchScreen.storyboard;
			sourceTree = "<group>";
		};
/* End PBXVariantGroup section */

/* Begin XCBuildConfiguration section */
		F82A632C2498E0AC00F2A9FA /* Debug */ = {
			isa = XCBuildConfiguration;
			buildSettings = {
				ALWAYS_SEARCH_USER_PATHS = NO;
				CLANG_ANALYZER_NONNULL = YES;
				CLANG_ANALYZER_NUMBER_OBJECT_CONVERSION = YES_AGGRESSIVE;
				CLANG_CXX_LANGUAGE_STANDARD = "gnu++14";
				CLANG_CXX_LIBRARY = "libc++";
				CLANG_ENABLE_MODULES = YES;
				CLANG_ENABLE_OBJC_ARC = YES;
				CLANG_ENABLE_OBJC_WEAK = YES;
				CLANG_WARN_BLOCK_CAPTURE_AUTORELEASING = YES;
				CLANG_WARN_BOOL_CONVERSION = YES;
				CLANG_WARN_COMMA = YES;
				CLANG_WARN_CONSTANT_CONVERSION = YES;
				CLANG_WARN_DEPRECATED_OBJC_IMPLEMENTATIONS = YES;
				CLANG_WARN_DIRECT_OBJC_ISA_USAGE = YES_ERROR;
				CLANG_WARN_DOCUMENTATION_COMMENTS = YES;
				CLANG_WARN_EMPTY_BODY = YES;
				CLANG_WARN_ENUM_CONVERSION = YES;
				CLANG_WARN_INFINITE_RECURSION = YES;
				CLANG_WARN_INT_CONVERSION = YES;
				CLANG_WARN_NON_LITERAL_NULL_CONVERSION = YES;
				CLANG_WARN_OBJC_IMPLICIT_RETAIN_SELF = YES;
				CLANG_WARN_OBJC_LITERAL_CONVERSION = YES;
				CLANG_WARN_OBJC_ROOT_CLASS = YES_ERROR;
				CLANG_WARN_RANGE_LOOP_ANALYSIS = YES;
				CLANG_WARN_STRICT_PROTOTYPES = YES;
				CLANG_WARN_SUSPICIOUS_MOVE = YES;
				CLANG_WARN_UNGUARDED_AVAILABILITY = YES_AGGRESSIVE;
				CLANG_WARN_UNREACHABLE_CODE = YES;
				CLANG_WARN__DUPLICATE_METHOD_MATCH = YES;
				COPY_PHASE_STRIP = NO;
				DEBUG_INFORMATION_FORMAT = dwarf;
				ENABLE_STRICT_OBJC_MSGSEND = YES;
				ENABLE_TESTABILITY = YES;
				GCC_C_LANGUAGE_STANDARD = gnu11;
				GCC_DYNAMIC_NO_PIC = NO;
				GCC_NO_COMMON_BLOCKS = YES;
				GCC_OPTIMIZATION_LEVEL = 0;
				GCC_PREPROCESSOR_DEFINITIONS = (
					"DEBUG=1",
					"$(inherited)",
				);
				GCC_WARN_64_TO_32_BIT_CONVERSION = YES;
				GCC_WARN_ABOUT_RETURN_TYPE = YES_ERROR;
				GCC_WARN_UNDECLARED_SELECTOR = YES;
				GCC_WARN_UNINITIALIZED_AUTOS = YES_AGGRESSIVE;
				GCC_WARN_UNUSED_FUNCTION = YES;
				GCC_WARN_UNUSED_VARIABLE = YES;
				IPHONEOS_DEPLOYMENT_TARGET = 13.5;
				MTL_ENABLE_DEBUG_INFO = INCLUDE_SOURCE;
				MTL_FAST_MATH = YES;
				ONLY_ACTIVE_ARCH = YES;
				SDKROOT = iphoneos;
				SWIFT_ACTIVE_COMPILATION_CONDITIONS = DEBUG;
				SWIFT_OPTIMIZATION_LEVEL = "-Onone";
			};
			name = Debug;
		};
		F82A632D2498E0AC00F2A9FA /* Release */ = {
			isa = XCBuildConfiguration;
			buildSettings = {
				ALWAYS_SEARCH_USER_PATHS = NO;
				CLANG_ANALYZER_NONNULL = YES;
				CLANG_ANALYZER_NUMBER_OBJECT_CONVERSION = YES_AGGRESSIVE;
				CLANG_CXX_LANGUAGE_STANDARD = "gnu++14";
				CLANG_CXX_LIBRARY = "libc++";
				CLANG_ENABLE_MODULES = YES;
				CLANG_ENABLE_OBJC_ARC = YES;
				CLANG_ENABLE_OBJC_WEAK = YES;
				CLANG_WARN_BLOCK_CAPTURE_AUTORELEASING = YES;
				CLANG_WARN_BOOL_CONVERSION = YES;
				CLANG_WARN_COMMA = YES;
				CLANG_WARN_CONSTANT_CONVERSION = YES;
				CLANG_WARN_DEPRECATED_OBJC_IMPLEMENTATIONS = YES;
				CLANG_WARN_DIRECT_OBJC_ISA_USAGE = YES_ERROR;
				CLANG_WARN_DOCUMENTATION_COMMENTS = YES;
				CLANG_WARN_EMPTY_BODY = YES;
				CLANG_WARN_ENUM_CONVERSION = YES;
				CLANG_WARN_INFINITE_RECURSION = YES;
				CLANG_WARN_INT_CONVERSION = YES;
				CLANG_WARN_NON_LITERAL_NULL_CONVERSION = YES;
				CLANG_WARN_OBJC_IMPLICIT_RETAIN_SELF = YES;
				CLANG_WARN_OBJC_LITERAL_CONVERSION = YES;
				CLANG_WARN_OBJC_ROOT_CLASS = YES_ERROR;
				CLANG_WARN_RANGE_LOOP_ANALYSIS = YES;
				CLANG_WARN_STRICT_PROTOTYPES = YES;
				CLANG_WARN_SUSPICIOUS_MOVE = YES;
				CLANG_WARN_UNGUARDED_AVAILABILITY = YES_AGGRESSIVE;
				CLANG_WARN_UNREACHABLE_CODE = YES;
				CLANG_WARN__DUPLICATE_METHOD_MATCH = YES;
				COPY_PHASE_STRIP = NO;
				DEBUG_INFORMATION_FORMAT = "dwarf-with-dsym";
				ENABLE_NS_ASSERTIONS = NO;
				ENABLE_STRICT_OBJC_MSGSEND = YES;
				GCC_C_LANGUAGE_STANDARD = gnu11;
				GCC_NO_COMMON_BLOCKS = YES;
				GCC_WARN_64_TO_32_BIT_CONVERSION = YES;
				GCC_WARN_ABOUT_RETURN_TYPE = YES_ERROR;
				GCC_WARN_UNDECLARED_SELECTOR = YES;
				GCC_WARN_UNINITIALIZED_AUTOS = YES_AGGRESSIVE;
				GCC_WARN_UNUSED_FUNCTION = YES;
				GCC_WARN_UNUSED_VARIABLE = YES;
				IPHONEOS_DEPLOYMENT_TARGET = 13.5;
				MTL_ENABLE_DEBUG_INFO = NO;
				MTL_FAST_MATH = YES;
				SDKROOT = iphoneos;
				SWIFT_COMPILATION_MODE = wholemodule;
				SWIFT_OPTIMIZATION_LEVEL = "-O";
				VALIDATE_PRODUCT = YES;
			};
			name = Release;
		};
		F82A632F2498E0AC00F2A9FA /* Debug */ = {
			isa = XCBuildConfiguration;
			baseConfigurationReference = 3756809F20872D5EA042D37D /* Pods-CRM Manager.debug.xcconfig */;
			buildSettings = {
				ASSETCATALOG_COMPILER_APPICON_NAME = AppIcon;
				CODE_SIGN_STYLE = Automatic;
				DEVELOPMENT_TEAM = VPHS88KX6T;
				INFOPLIST_FILE = "CRM Manager/Info.plist";
				LD_RUNPATH_SEARCH_PATHS = (
					"$(inherited)",
					"@executable_path/Frameworks",
				);
				PRODUCT_BUNDLE_IDENTIFIER = "com.rohanbhasin.CRM-Manager";
				PRODUCT_NAME = "$(TARGET_NAME)";
				SWIFT_VERSION = 5.0;
				TARGETED_DEVICE_FAMILY = "1,2";
			};
			name = Debug;
		};
		F82A63302498E0AC00F2A9FA /* Release */ = {
			isa = XCBuildConfiguration;
			baseConfigurationReference = 5A8309CA2FC4FC80105C2240 /* Pods-CRM Manager.release.xcconfig */;
			buildSettings = {
				ASSETCATALOG_COMPILER_APPICON_NAME = AppIcon;
				CODE_SIGN_STYLE = Automatic;
				DEVELOPMENT_TEAM = VPHS88KX6T;
				INFOPLIST_FILE = "CRM Manager/Info.plist";
				LD_RUNPATH_SEARCH_PATHS = (
					"$(inherited)",
					"@executable_path/Frameworks",
				);
				PRODUCT_BUNDLE_IDENTIFIER = "com.rohanbhasin.CRM-Manager";
				PRODUCT_NAME = "$(TARGET_NAME)";
				SWIFT_VERSION = 5.0;
				TARGETED_DEVICE_FAMILY = "1,2";
			};
			name = Release;
		};
		F82A63322498E0AC00F2A9FA /* Debug */ = {
			isa = XCBuildConfiguration;
			baseConfigurationReference = F84ED1035FACA8686AF17B66 /* Pods-CRM ManagerTests.debug.xcconfig */;
			buildSettings = {
				ALWAYS_EMBED_SWIFT_STANDARD_LIBRARIES = YES;
				BUNDLE_LOADER = "$(TEST_HOST)";
				CODE_SIGN_STYLE = Automatic;
				DEVELOPMENT_TEAM = VPHS88KX6T;
				INFOPLIST_FILE = "CRM ManagerTests/Info.plist";
				IPHONEOS_DEPLOYMENT_TARGET = 13.5;
				LD_RUNPATH_SEARCH_PATHS = (
					"$(inherited)",
					"@executable_path/Frameworks",
					"@loader_path/Frameworks",
				);
				PRODUCT_BUNDLE_IDENTIFIER = "com.rohanbhasin.CRM-ManagerTests";
				PRODUCT_NAME = "$(TARGET_NAME)";
				SWIFT_VERSION = 5.0;
				TARGETED_DEVICE_FAMILY = "1,2";
				TEST_HOST = "$(BUILT_PRODUCTS_DIR)/CRM Manager.app/CRM Manager";
			};
			name = Debug;
		};
		F82A63332498E0AC00F2A9FA /* Release */ = {
			isa = XCBuildConfiguration;
			baseConfigurationReference = 4E84EBEF4516B0C27C235070 /* Pods-CRM ManagerTests.release.xcconfig */;
			buildSettings = {
				ALWAYS_EMBED_SWIFT_STANDARD_LIBRARIES = YES;
				BUNDLE_LOADER = "$(TEST_HOST)";
				CODE_SIGN_STYLE = Automatic;
				DEVELOPMENT_TEAM = VPHS88KX6T;
				INFOPLIST_FILE = "CRM ManagerTests/Info.plist";
				IPHONEOS_DEPLOYMENT_TARGET = 13.5;
				LD_RUNPATH_SEARCH_PATHS = (
					"$(inherited)",
					"@executable_path/Frameworks",
					"@loader_path/Frameworks",
				);
				PRODUCT_BUNDLE_IDENTIFIER = "com.rohanbhasin.CRM-ManagerTests";
				PRODUCT_NAME = "$(TARGET_NAME)";
				SWIFT_VERSION = 5.0;
				TARGETED_DEVICE_FAMILY = "1,2";
				TEST_HOST = "$(BUILT_PRODUCTS_DIR)/CRM Manager.app/CRM Manager";
			};
			name = Release;
		};
		F82A63352498E0AC00F2A9FA /* Debug */ = {
			isa = XCBuildConfiguration;
			baseConfigurationReference = 7BC9848322D6DF2DE2EB393D /* Pods-CRM Manager-CRM ManagerUITests.debug.xcconfig */;
			buildSettings = {
				ALWAYS_EMBED_SWIFT_STANDARD_LIBRARIES = YES;
				CODE_SIGN_STYLE = Automatic;
				DEVELOPMENT_TEAM = VPHS88KX6T;
				INFOPLIST_FILE = "CRM ManagerUITests/Info.plist";
				LD_RUNPATH_SEARCH_PATHS = (
					"$(inherited)",
					"@executable_path/Frameworks",
					"@loader_path/Frameworks",
				);
				PRODUCT_BUNDLE_IDENTIFIER = "com.rohanbhasin.CRM-ManagerUITests";
				PRODUCT_NAME = "$(TARGET_NAME)";
				SWIFT_VERSION = 5.0;
				TARGETED_DEVICE_FAMILY = "1,2";
				TEST_TARGET_NAME = "CRM Manager";
			};
			name = Debug;
		};
		F82A63362498E0AC00F2A9FA /* Release */ = {
			isa = XCBuildConfiguration;
			baseConfigurationReference = 198C703567721BF471B4ADA2 /* Pods-CRM Manager-CRM ManagerUITests.release.xcconfig */;
			buildSettings = {
				ALWAYS_EMBED_SWIFT_STANDARD_LIBRARIES = YES;
				CODE_SIGN_STYLE = Automatic;
				DEVELOPMENT_TEAM = VPHS88KX6T;
				INFOPLIST_FILE = "CRM ManagerUITests/Info.plist";
				LD_RUNPATH_SEARCH_PATHS = (
					"$(inherited)",
					"@executable_path/Frameworks",
					"@loader_path/Frameworks",
				);
				PRODUCT_BUNDLE_IDENTIFIER = "com.rohanbhasin.CRM-ManagerUITests";
				PRODUCT_NAME = "$(TARGET_NAME)";
				SWIFT_VERSION = 5.0;
				TARGETED_DEVICE_FAMILY = "1,2";
				TEST_TARGET_NAME = "CRM Manager";
			};
			name = Release;
		};
/* End XCBuildConfiguration section */

/* Begin XCConfigurationList section */
		F82A62FC2498E0A800F2A9FA /* Build configuration list for PBXProject "CRM Manager" */ = {
			isa = XCConfigurationList;
			buildConfigurations = (
				F82A632C2498E0AC00F2A9FA /* Debug */,
				F82A632D2498E0AC00F2A9FA /* Release */,
			);
			defaultConfigurationIsVisible = 0;
			defaultConfigurationName = Release;
		};
		F82A632E2498E0AC00F2A9FA /* Build configuration list for PBXNativeTarget "CRM Manager" */ = {
			isa = XCConfigurationList;
			buildConfigurations = (
				F82A632F2498E0AC00F2A9FA /* Debug */,
				F82A63302498E0AC00F2A9FA /* Release */,
			);
			defaultConfigurationIsVisible = 0;
			defaultConfigurationName = Release;
		};
		F82A63312498E0AC00F2A9FA /* Build configuration list for PBXNativeTarget "CRM ManagerTests" */ = {
			isa = XCConfigurationList;
			buildConfigurations = (
				F82A63322498E0AC00F2A9FA /* Debug */,
				F82A63332498E0AC00F2A9FA /* Release */,
			);
			defaultConfigurationIsVisible = 0;
			defaultConfigurationName = Release;
		};
		F82A63342498E0AC00F2A9FA /* Build configuration list for PBXNativeTarget "CRM ManagerUITests" */ = {
			isa = XCConfigurationList;
			buildConfigurations = (
				F82A63352498E0AC00F2A9FA /* Debug */,
				F82A63362498E0AC00F2A9FA /* Release */,
			);
			defaultConfigurationIsVisible = 0;
			defaultConfigurationName = Release;
		};
/* End XCConfigurationList section */

/* Begin XCVersionGroup section */
		F82A630D2498E0A800F2A9FA /* CRM_Manager.xcdatamodeld */ = {
			isa = XCVersionGroup;
			children = (
				F82A630E2498E0A800F2A9FA /* CRM_Manager.xcdatamodel */,
			);
			currentVersion = F82A630E2498E0A800F2A9FA /* CRM_Manager.xcdatamodel */;
			path = CRM_Manager.xcdatamodeld;
			sourceTree = "<group>";
			versionGroupType = wrapper.xcdatamodel;
		};
/* End XCVersionGroup section */
	};
	rootObject = F82A62F92498E0A800F2A9FA /* Project object */;
}
